
Microsoft Visual Studio Solution File, Format Version 12.00
# Visual Studio Version 16
VisualStudioVersion = 16.0.29324.140
MinimumVisualStudioVersion = 10.0.40219.1
Project("{9A19103F-16F7-4668-BE54-9A1E7A4F7556}") = "Tradgardsgolf.Core", "Tradgardsgolf.Core\Tradgardsgolf.Core.csproj", "{98A0B30D-4A0F-4D8A-9E6D-17AD39E4444D}"
EndProject
Project("{9A19103F-16F7-4668-BE54-9A1E7A4F7556}") = "Tradgardsgolf.Infrastructure", "Tradgardsgolf.Infrastructure\Tradgardsgolf.Infrastructure.csproj", "{64B34E97-D57C-42DC-B3A7-807B5A6B1DAC}"
EndProject
Project("{9A19103F-16F7-4668-BE54-9A1E7A4F7556}") = "Tradgardsgolf.Services", "Tradgardsgolf.Services\Tradgardsgolf.Services.csproj", "{2E3F45AD-A31E-4614-8179-836B73EAB6AC}"
EndProject
Project("{9A19103F-16F7-4668-BE54-9A1E7A4F7556}") = "Tradgardsgolf.Tests", "Tradgardsgolf.Tests\Tradgardsgolf.Tests.csproj", "{2E540FC6-1172-4169-8426-80FE0B230C02}"
EndProject
Project("{2150E333-8FDC-42A3-9474-1A3956D46DE8}") = ".github", ".github", "{E041D4F0-F651-4529-B5F6-F307C041C2E3}"
EndProject
Project("{2150E333-8FDC-42A3-9474-1A3956D46DE8}") = "workflows", "workflows", "{33DBF908-DAC3-42CC-803A-A2ED024481D3}"
	ProjectSection(SolutionItems) = preProject
		.github\workflows\main.yml = .github\workflows\main.yml
	EndProjectSection
EndProject
Project("{FAE04EC0-301F-11D3-BF4B-00C04F79EFBC}") = "Tradgardsgolf.Blazor.Shared", "Tradgardsgolf.Blazor.Shared\Tradgardsgolf.Blazor.Shared.csproj", "{A392164E-117B-4B3F-9325-7796C31695A4}"
EndProject
Project("{FAE04EC0-301F-11D3-BF4B-00C04F79EFBC}") = "Tradgardsgolf.Blazor.Server", "Tradgardsgolf.Blazor.Server\Tradgardsgolf.Blazor.Server.csproj", "{4581DF9B-BD1D-4696-829C-A38E9A8A8132}"
EndProject
Project("{FAE04EC0-301F-11D3-BF4B-00C04F79EFBC}") = "Tradgardsgolf.Blazor.Wasm", "Tradgardsgolf.Blazor.Wasm\Tradgardsgolf.Blazor.Wasm.csproj", "{E4BC82A9-A928-4788-807D-67FFBEB6B5D5}"
EndProject
Project("{FAE04EC0-301F-11D3-BF4B-00C04F79EFBC}") = "Tradgardsgolf.Api", "Tradgardsgolf.Api\Tradgardsgolf.Api.csproj", "{047EFF05-4560-4B3D-B911-91DBBFFFC28D}"
EndProject
Project("{2150E333-8FDC-42A3-9474-1A3956D46DE8}") = "SoultionItems", "SoultionItems", "{DFAFD9C5-6AFE-4C1F-AC0C-9603CA53FBE7}"
ProjectSection(SolutionItems) = preProject
	.dockerignore = .dockerignore
	Dockerfile = Dockerfile
	nginx.conf = nginx.conf
EndProjectSection
EndProject
Global
	GlobalSection(SolutionConfigurationPlatforms) = preSolution
		Debug|Any CPU = Debug|Any CPU
		Debug|iPhone = Debug|iPhone
		Debug|iPhoneSimulator = Debug|iPhoneSimulator
		Release|Any CPU = Release|Any CPU
		Release|iPhone = Release|iPhone
		Release|iPhoneSimulator = Release|iPhoneSimulator
	EndGlobalSection
	GlobalSection(ProjectConfigurationPlatforms) = postSolution
		{98A0B30D-4A0F-4D8A-9E6D-17AD39E4444D}.Debug|Any CPU.ActiveCfg = Debug|Any CPU
		{98A0B30D-4A0F-4D8A-9E6D-17AD39E4444D}.Debug|Any CPU.Build.0 = Debug|Any CPU
		{98A0B30D-4A0F-4D8A-9E6D-17AD39E4444D}.Debug|iPhone.ActiveCfg = Debug|Any CPU
		{98A0B30D-4A0F-4D8A-9E6D-17AD39E4444D}.Debug|iPhone.Build.0 = Debug|Any CPU
		{98A0B30D-4A0F-4D8A-9E6D-17AD39E4444D}.Debug|iPhoneSimulator.ActiveCfg = Debug|Any CPU
		{98A0B30D-4A0F-4D8A-9E6D-17AD39E4444D}.Debug|iPhoneSimulator.Build.0 = Debug|Any CPU
		{98A0B30D-4A0F-4D8A-9E6D-17AD39E4444D}.Release|Any CPU.ActiveCfg = Release|Any CPU
		{98A0B30D-4A0F-4D8A-9E6D-17AD39E4444D}.Release|Any CPU.Build.0 = Release|Any CPU
		{98A0B30D-4A0F-4D8A-9E6D-17AD39E4444D}.Release|iPhone.ActiveCfg = Release|Any CPU
		{98A0B30D-4A0F-4D8A-9E6D-17AD39E4444D}.Release|iPhone.Build.0 = Release|Any CPU
		{98A0B30D-4A0F-4D8A-9E6D-17AD39E4444D}.Release|iPhoneSimulator.ActiveCfg = Release|Any CPU
		{98A0B30D-4A0F-4D8A-9E6D-17AD39E4444D}.Release|iPhoneSimulator.Build.0 = Release|Any CPU
		{64B34E97-D57C-42DC-B3A7-807B5A6B1DAC}.Debug|Any CPU.ActiveCfg = Debug|Any CPU
		{64B34E97-D57C-42DC-B3A7-807B5A6B1DAC}.Debug|Any CPU.Build.0 = Debug|Any CPU
		{64B34E97-D57C-42DC-B3A7-807B5A6B1DAC}.Debug|iPhone.ActiveCfg = Debug|Any CPU
		{64B34E97-D57C-42DC-B3A7-807B5A6B1DAC}.Debug|iPhone.Build.0 = Debug|Any CPU
		{64B34E97-D57C-42DC-B3A7-807B5A6B1DAC}.Debug|iPhoneSimulator.ActiveCfg = Debug|Any CPU
		{64B34E97-D57C-42DC-B3A7-807B5A6B1DAC}.Debug|iPhoneSimulator.Build.0 = Debug|Any CPU
		{64B34E97-D57C-42DC-B3A7-807B5A6B1DAC}.Release|Any CPU.ActiveCfg = Release|Any CPU
		{64B34E97-D57C-42DC-B3A7-807B5A6B1DAC}.Release|Any CPU.Build.0 = Release|Any CPU
		{64B34E97-D57C-42DC-B3A7-807B5A6B1DAC}.Release|iPhone.ActiveCfg = Release|Any CPU
		{64B34E97-D57C-42DC-B3A7-807B5A6B1DAC}.Release|iPhone.Build.0 = Release|Any CPU
		{64B34E97-D57C-42DC-B3A7-807B5A6B1DAC}.Release|iPhoneSimulator.ActiveCfg = Release|Any CPU
		{64B34E97-D57C-42DC-B3A7-807B5A6B1DAC}.Release|iPhoneSimulator.Build.0 = Release|Any CPU
		{2E3F45AD-A31E-4614-8179-836B73EAB6AC}.Debug|Any CPU.ActiveCfg = Debug|Any CPU
		{2E3F45AD-A31E-4614-8179-836B73EAB6AC}.Debug|Any CPU.Build.0 = Debug|Any CPU
		{2E3F45AD-A31E-4614-8179-836B73EAB6AC}.Debug|iPhone.ActiveCfg = Debug|Any CPU
		{2E3F45AD-A31E-4614-8179-836B73EAB6AC}.Debug|iPhone.Build.0 = Debug|Any CPU
		{2E3F45AD-A31E-4614-8179-836B73EAB6AC}.Debug|iPhoneSimulator.ActiveCfg = Debug|Any CPU
		{2E3F45AD-A31E-4614-8179-836B73EAB6AC}.Debug|iPhoneSimulator.Build.0 = Debug|Any CPU
		{2E3F45AD-A31E-4614-8179-836B73EAB6AC}.Release|Any CPU.ActiveCfg = Release|Any CPU
		{2E3F45AD-A31E-4614-8179-836B73EAB6AC}.Release|Any CPU.Build.0 = Release|Any CPU
		{2E3F45AD-A31E-4614-8179-836B73EAB6AC}.Release|iPhone.ActiveCfg = Release|Any CPU
		{2E3F45AD-A31E-4614-8179-836B73EAB6AC}.Release|iPhone.Build.0 = Release|Any CPU
		{2E3F45AD-A31E-4614-8179-836B73EAB6AC}.Release|iPhoneSimulator.ActiveCfg = Release|Any CPU
		{2E3F45AD-A31E-4614-8179-836B73EAB6AC}.Release|iPhoneSimulator.Build.0 = Release|Any CPU
		{2E540FC6-1172-4169-8426-80FE0B230C02}.Debug|Any CPU.ActiveCfg = Debug|Any CPU
		{2E540FC6-1172-4169-8426-80FE0B230C02}.Debug|Any CPU.Build.0 = Debug|Any CPU
		{2E540FC6-1172-4169-8426-80FE0B230C02}.Debug|iPhone.ActiveCfg = Debug|Any CPU
		{2E540FC6-1172-4169-8426-80FE0B230C02}.Debug|iPhone.Build.0 = Debug|Any CPU
		{2E540FC6-1172-4169-8426-80FE0B230C02}.Debug|iPhoneSimulator.ActiveCfg = Debug|Any CPU
		{2E540FC6-1172-4169-8426-80FE0B230C02}.Debug|iPhoneSimulator.Build.0 = Debug|Any CPU
		{2E540FC6-1172-4169-8426-80FE0B230C02}.Release|Any CPU.ActiveCfg = Release|Any CPU
		{2E540FC6-1172-4169-8426-80FE0B230C02}.Release|Any CPU.Build.0 = Release|Any CPU
		{2E540FC6-1172-4169-8426-80FE0B230C02}.Release|iPhone.ActiveCfg = Release|Any CPU
		{2E540FC6-1172-4169-8426-80FE0B230C02}.Release|iPhone.Build.0 = Release|Any CPU
		{2E540FC6-1172-4169-8426-80FE0B230C02}.Release|iPhoneSimulator.ActiveCfg = Release|Any CPU
		{2E540FC6-1172-4169-8426-80FE0B230C02}.Release|iPhoneSimulator.Build.0 = Release|Any CPU
		{A392164E-117B-4B3F-9325-7796C31695A4}.Debug|Any CPU.ActiveCfg = Debug|Any CPU
		{A392164E-117B-4B3F-9325-7796C31695A4}.Debug|Any CPU.Build.0 = Debug|Any CPU
		{A392164E-117B-4B3F-9325-7796C31695A4}.Debug|iPhone.ActiveCfg = Debug|Any CPU
		{A392164E-117B-4B3F-9325-7796C31695A4}.Debug|iPhone.Build.0 = Debug|Any CPU
		{A392164E-117B-4B3F-9325-7796C31695A4}.Debug|iPhoneSimulator.ActiveCfg = Debug|Any CPU
		{A392164E-117B-4B3F-9325-7796C31695A4}.Debug|iPhoneSimulator.Build.0 = Debug|Any CPU
		{A392164E-117B-4B3F-9325-7796C31695A4}.Release|Any CPU.ActiveCfg = Release|Any CPU
		{A392164E-117B-4B3F-9325-7796C31695A4}.Release|Any CPU.Build.0 = Release|Any CPU
		{A392164E-117B-4B3F-9325-7796C31695A4}.Release|iPhone.ActiveCfg = Release|Any CPU
		{A392164E-117B-4B3F-9325-7796C31695A4}.Release|iPhone.Build.0 = Release|Any CPU
		{A392164E-117B-4B3F-9325-7796C31695A4}.Release|iPhoneSimulator.ActiveCfg = Release|Any CPU
		{A392164E-117B-4B3F-9325-7796C31695A4}.Release|iPhoneSimulator.Build.0 = Release|Any CPU
		{4581DF9B-BD1D-4696-829C-A38E9A8A8132}.Debug|Any CPU.ActiveCfg = Debug|Any CPU
		{4581DF9B-BD1D-4696-829C-A38E9A8A8132}.Debug|Any CPU.Build.0 = Debug|Any CPU
		{4581DF9B-BD1D-4696-829C-A38E9A8A8132}.Debug|iPhone.ActiveCfg = Debug|Any CPU
		{4581DF9B-BD1D-4696-829C-A38E9A8A8132}.Debug|iPhone.Build.0 = Debug|Any CPU
		{4581DF9B-BD1D-4696-829C-A38E9A8A8132}.Debug|iPhoneSimulator.ActiveCfg = Debug|Any CPU
		{4581DF9B-BD1D-4696-829C-A38E9A8A8132}.Debug|iPhoneSimulator.Build.0 = Debug|Any CPU
		{4581DF9B-BD1D-4696-829C-A38E9A8A8132}.Release|Any CPU.ActiveCfg = Release|Any CPU
		{4581DF9B-BD1D-4696-829C-A38E9A8A8132}.Release|Any CPU.Build.0 = Release|Any CPU
		{4581DF9B-BD1D-4696-829C-A38E9A8A8132}.Release|iPhone.ActiveCfg = Release|Any CPU
		{4581DF9B-BD1D-4696-829C-A38E9A8A8132}.Release|iPhone.Build.0 = Release|Any CPU
		{4581DF9B-BD1D-4696-829C-A38E9A8A8132}.Release|iPhoneSimulator.ActiveCfg = Release|Any CPU
		{4581DF9B-BD1D-4696-829C-A38E9A8A8132}.Release|iPhoneSimulator.Build.0 = Release|Any CPU
		{E4BC82A9-A928-4788-807D-67FFBEB6B5D5}.Debug|Any CPU.ActiveCfg = Debug|Any CPU
		{E4BC82A9-A928-4788-807D-67FFBEB6B5D5}.Debug|Any CPU.Build.0 = Debug|Any CPU
		{E4BC82A9-A928-4788-807D-67FFBEB6B5D5}.Debug|iPhone.ActiveCfg = Debug|Any CPU
		{E4BC82A9-A928-4788-807D-67FFBEB6B5D5}.Debug|iPhone.Build.0 = Debug|Any CPU
		{E4BC82A9-A928-4788-807D-67FFBEB6B5D5}.Debug|iPhoneSimulator.ActiveCfg = Debug|Any CPU
		{E4BC82A9-A928-4788-807D-67FFBEB6B5D5}.Debug|iPhoneSimulator.Build.0 = Debug|Any CPU
		{E4BC82A9-A928-4788-807D-67FFBEB6B5D5}.Release|Any CPU.ActiveCfg = Release|Any CPU
		{E4BC82A9-A928-4788-807D-67FFBEB6B5D5}.Release|Any CPU.Build.0 = Release|Any CPU
		{E4BC82A9-A928-4788-807D-67FFBEB6B5D5}.Release|iPhone.ActiveCfg = Release|Any CPU
		{E4BC82A9-A928-4788-807D-67FFBEB6B5D5}.Release|iPhone.Build.0 = Release|Any CPU
		{E4BC82A9-A928-4788-807D-67FFBEB6B5D5}.Release|iPhoneSimulator.ActiveCfg = Release|Any CPU
		{E4BC82A9-A928-4788-807D-67FFBEB6B5D5}.Release|iPhoneSimulator.Build.0 = Release|Any CPU
		{047EFF05-4560-4B3D-B911-91DBBFFFC28D}.Debug|Any CPU.ActiveCfg = Debug|Any CPU
		{047EFF05-4560-4B3D-B911-91DBBFFFC28D}.Debug|Any CPU.Build.0 = Debug|Any CPU
		{047EFF05-4560-4B3D-B911-91DBBFFFC28D}.Debug|iPhone.ActiveCfg = Debug|Any CPU
		{047EFF05-4560-4B3D-B911-91DBBFFFC28D}.Debug|iPhone.Build.0 = Debug|Any CPU
		{047EFF05-4560-4B3D-B911-91DBBFFFC28D}.Debug|iPhoneSimulator.ActiveCfg = Debug|Any CPU
		{047EFF05-4560-4B3D-B911-91DBBFFFC28D}.Debug|iPhoneSimulator.Build.0 = Debug|Any CPU
		{047EFF05-4560-4B3D-B911-91DBBFFFC28D}.Release|Any CPU.ActiveCfg = Release|Any CPU
		{047EFF05-4560-4B3D-B911-91DBBFFFC28D}.Release|Any CPU.Build.0 = Release|Any CPU
		{047EFF05-4560-4B3D-B911-91DBBFFFC28D}.Release|iPhone.ActiveCfg = Release|Any CPU
		{047EFF05-4560-4B3D-B911-91DBBFFFC28D}.Release|iPhone.Build.0 = Release|Any CPU
		{047EFF05-4560-4B3D-B911-91DBBFFFC28D}.Release|iPhoneSimulator.ActiveCfg = Release|Any CPU
		{047EFF05-4560-4B3D-B911-91DBBFFFC28D}.Release|iPhoneSimulator.Build.0 = Release|Any CPU
	EndGlobalSection
	GlobalSection(SolutionProperties) = preSolution
		HideSolutionNode = FALSE
	EndGlobalSection
	GlobalSection(NestedProjects) = preSolution
		{33DBF908-DAC3-42CC-803A-A2ED024481D3} = {E041D4F0-F651-4529-B5F6-F307C041C2E3}
	EndGlobalSection
	GlobalSection(ExtensibilityGlobals) = postSolution
		SolutionGuid = {CAD078B7-E2D9-49E7-B28E-A49BC8241A1A}
	EndGlobalSection
EndGlobal
