
Microsoft Visual Studio Solution File, Format Version 12.00
# Visual Studio Version 16
VisualStudioVersion = 16.0.29324.140
MinimumVisualStudioVersion = 10.0.40219.1
Project("{9A19103F-16F7-4668-BE54-9A1E7A4F7556}") = "Tradgardsgolf.Application.Core", "Tradgardsgolf.Application.Core\Tradgardsgolf.Application.Core.csproj", "{98A0B30D-4A0F-4D8A-9E6D-17AD39E4444D}"
EndProject
Project("{9A19103F-16F7-4668-BE54-9A1E7A4F7556}") = "Tradgardsgolf.Application.Infrastructure", "Tradgardsgolf.Application.Infrastructure\Tradgardsgolf.Application.Infrastructure.csproj", "{64B34E97-D57C-42DC-B3A7-807B5A6B1DAC}"
EndProject
Project("{9A19103F-16F7-4668-BE54-9A1E7A4F7556}") = "Tradgardsgolf.Tests", "Tradgardsgolf.Tests\Tradgardsgolf.Tests.csproj", "{2E540FC6-1172-4169-8426-80FE0B230C02}"
EndProject
Project("{2150E333-8FDC-42A3-9474-1A3956D46DE8}") = ".github", ".github", "{E041D4F0-F651-4529-B5F6-F307C041C2E3}"
EndProject
Project("{2150E333-8FDC-42A3-9474-1A3956D46DE8}") = "workflows", "workflows", "{33DBF908-DAC3-42CC-803A-A2ED024481D3}"
	ProjectSection(SolutionItems) = preProject
		.github\workflows\master.yml = .github\workflows\master.yml
	EndProjectSection
EndProject
Project("{FAE04EC0-301F-11D3-BF4B-00C04F79EFBC}") = "Tradgardsgolf.Blazor.Server", "Tradgardsgolf.Blazor.Server\Tradgardsgolf.Blazor.Server.csproj", "{4581DF9B-BD1D-4696-829C-A38E9A8A8132}"
EndProject
Project("{FAE04EC0-301F-11D3-BF4B-00C04F79EFBC}") = "Tradgardsgolf.Blazor.Wasm", "Tradgardsgolf.Blazor.Wasm\Tradgardsgolf.Blazor.Wasm.csproj", "{E4BC82A9-A928-4788-807D-67FFBEB6B5D5}"
EndProject
Project("{FAE04EC0-301F-11D3-BF4B-00C04F79EFBC}") = "Tradgardsgolf.Api", "Tradgardsgolf.Api\Tradgardsgolf.Api.csproj", "{047EFF05-4560-4B3D-B911-91DBBFFFC28D}"
EndProject
Project("{2150E333-8FDC-42A3-9474-1A3956D46DE8}") = "SoultionItems", "SoultionItems", "{DFAFD9C5-6AFE-4C1F-AC0C-9603CA53FBE7}"
ProjectSection(SolutionItems) = preProject
	.dockerignore = .dockerignore
	Dockerfile_wasm = Dockerfile_wasm
	nginx.conf = nginx.conf
	.gitignore = .gitignore
	README.md = README.md
	ef.sh = ef.sh
	Dockerfile_api = Dockerfile_api
EndProjectSection
EndProject
Project("{FAE04EC0-301F-11D3-BF4B-00C04F79EFBC}") = "Tradgardsgolf.Api.Contracts", "Tradgardsgolf.Api.Contracts\Tradgardsgolf.Api.Contracts.csproj", "{3E6860C1-7515-4E91-8957-74BFA092ABEA}"
EndProject
Project("{FAE04EC0-301F-11D3-BF4B-00C04F79EFBC}") = "Tradgardsgolf.Api.RequestHandling", "Tradgardsgolf.Api.RequestHandling\Tradgardsgolf.Api.RequestHandling.csproj", "{A09C0436-B3FC-4065-9604-C1C54E81E220}"
EndProject
Project("{2150E333-8FDC-42A3-9474-1A3956D46DE8}") = "02 API", "02 API", "{3071A007-93D1-45C8-A783-557C4ED12A6E}"
EndProject
Project("{2150E333-8FDC-42A3-9474-1A3956D46DE8}") = "01 Application", "01 Application", "{ED3C73CD-89D6-40EF-B732-74D2BDEC14A1}"
EndProject
Project("{2150E333-8FDC-42A3-9474-1A3956D46DE8}") = "03 Blazor", "03 Blazor", "{A6CCD1B7-6B55-471A-A51B-61A04AB29316}"
EndProject
Project("{FAE04EC0-301F-11D3-BF4B-00C04F79EFBC}") = "Tradgardsgolf.Api.ResponseFactory", "Tradgardsgolf.Api.ResponseFactory\Tradgardsgolf.Api.ResponseFactory.csproj", "{9533439E-A536-4B93-AF06-F50473A3AA0E}"
EndProject
Project("{FAE04EC0-301F-11D3-BF4B-00C04F79EFBC}") = "Tradgardsgolf.Application.Infrastructure.Tests", "Tradgardsgolf.Application.Infrastructure.Tests\Tradgardsgolf.Application.Infrastructure.Tests.csproj", "{F64A8A76-E825-44EE-A172-6CFC278D9C41}"
EndProject
Project("{FAE04EC0-301F-11D3-BF4B-00C04F79EFBC}") = "Tradgardsgolf.Api.Tests", "Tradgardsgolf.Api.Tests\Tradgardsgolf.Api.Tests.csproj", "{5AD84607-81F8-4965-880F-0A7CB81EC935}"
EndProject
Project("{FAE04EC0-301F-11D3-BF4B-00C04F79EFBC}") = "Tradgardsgolf.Application.Core.Tests", "Tradgardsgolf.Application.Core.Tests\Tradgardsgolf.Application.Core.Tests.csproj", "{3DAA160E-136B-4E91-A364-FDDE0B1CD41D}"
EndProject
Global
	GlobalSection(SolutionConfigurationPlatforms) = preSolution
		Debug|Any CPU = Debug|Any CPU
		Debug|iPhone = Debug|iPhone
		Debug|iPhoneSimulator = Debug|iPhoneSimulator
		Release|Any CPU = Release|Any CPU
		Release|iPhone = Release|iPhone
		Release|iPhoneSimulator = Release|iPhoneSimulator
	EndGlobalSection
	GlobalSection(ProjectConfigurationPlatforms) = postSolution
		{98A0B30D-4A0F-4D8A-9E6D-17AD39E4444D}.Debug|Any CPU.ActiveCfg = Debug|Any CPU
		{98A0B30D-4A0F-4D8A-9E6D-17AD39E4444D}.Debug|Any CPU.Build.0 = Debug|Any CPU
		{98A0B30D-4A0F-4D8A-9E6D-17AD39E4444D}.Debug|iPhone.ActiveCfg = Debug|Any CPU
		{98A0B30D-4A0F-4D8A-9E6D-17AD39E4444D}.Debug|iPhone.Build.0 = Debug|Any CPU
		{98A0B30D-4A0F-4D8A-9E6D-17AD39E4444D}.Debug|iPhoneSimulator.ActiveCfg = Debug|Any CPU
		{98A0B30D-4A0F-4D8A-9E6D-17AD39E4444D}.Debug|iPhoneSimulator.Build.0 = Debug|Any CPU
		{98A0B30D-4A0F-4D8A-9E6D-17AD39E4444D}.Release|Any CPU.ActiveCfg = Release|Any CPU
		{98A0B30D-4A0F-4D8A-9E6D-17AD39E4444D}.Release|Any CPU.Build.0 = Release|Any CPU
		{98A0B30D-4A0F-4D8A-9E6D-17AD39E4444D}.Release|iPhone.ActiveCfg = Release|Any CPU
		{98A0B30D-4A0F-4D8A-9E6D-17AD39E4444D}.Release|iPhone.Build.0 = Release|Any CPU
		{98A0B30D-4A0F-4D8A-9E6D-17AD39E4444D}.Release|iPhoneSimulator.ActiveCfg = Release|Any CPU
		{98A0B30D-4A0F-4D8A-9E6D-17AD39E4444D}.Release|iPhoneSimulator.Build.0 = Release|Any CPU
		{64B34E97-D57C-42DC-B3A7-807B5A6B1DAC}.Debug|Any CPU.ActiveCfg = Debug|Any CPU
		{64B34E97-D57C-42DC-B3A7-807B5A6B1DAC}.Debug|Any CPU.Build.0 = Debug|Any CPU
		{64B34E97-D57C-42DC-B3A7-807B5A6B1DAC}.Debug|iPhone.ActiveCfg = Debug|Any CPU
		{64B34E97-D57C-42DC-B3A7-807B5A6B1DAC}.Debug|iPhone.Build.0 = Debug|Any CPU
		{64B34E97-D57C-42DC-B3A7-807B5A6B1DAC}.Debug|iPhoneSimulator.ActiveCfg = Debug|Any CPU
		{64B34E97-D57C-42DC-B3A7-807B5A6B1DAC}.Debug|iPhoneSimulator.Build.0 = Debug|Any CPU
		{64B34E97-D57C-42DC-B3A7-807B5A6B1DAC}.Release|Any CPU.ActiveCfg = Release|Any CPU
		{64B34E97-D57C-42DC-B3A7-807B5A6B1DAC}.Release|Any CPU.Build.0 = Release|Any CPU
		{64B34E97-D57C-42DC-B3A7-807B5A6B1DAC}.Release|iPhone.ActiveCfg = Release|Any CPU
		{64B34E97-D57C-42DC-B3A7-807B5A6B1DAC}.Release|iPhone.Build.0 = Release|Any CPU
		{64B34E97-D57C-42DC-B3A7-807B5A6B1DAC}.Release|iPhoneSimulator.ActiveCfg = Release|Any CPU
		{64B34E97-D57C-42DC-B3A7-807B5A6B1DAC}.Release|iPhoneSimulator.Build.0 = Release|Any CPU
		{2E540FC6-1172-4169-8426-80FE0B230C02}.Debug|Any CPU.ActiveCfg = Debug|Any CPU
		{2E540FC6-1172-4169-8426-80FE0B230C02}.Debug|Any CPU.Build.0 = Debug|Any CPU
		{2E540FC6-1172-4169-8426-80FE0B230C02}.Debug|iPhone.ActiveCfg = Debug|Any CPU
		{2E540FC6-1172-4169-8426-80FE0B230C02}.Debug|iPhone.Build.0 = Debug|Any CPU
		{2E540FC6-1172-4169-8426-80FE0B230C02}.Debug|iPhoneSimulator.ActiveCfg = Debug|Any CPU
		{2E540FC6-1172-4169-8426-80FE0B230C02}.Debug|iPhoneSimulator.Build.0 = Debug|Any CPU
		{2E540FC6-1172-4169-8426-80FE0B230C02}.Release|Any CPU.ActiveCfg = Release|Any CPU
		{2E540FC6-1172-4169-8426-80FE0B230C02}.Release|Any CPU.Build.0 = Release|Any CPU
		{2E540FC6-1172-4169-8426-80FE0B230C02}.Release|iPhone.ActiveCfg = Release|Any CPU
		{2E540FC6-1172-4169-8426-80FE0B230C02}.Release|iPhone.Build.0 = Release|Any CPU
		{2E540FC6-1172-4169-8426-80FE0B230C02}.Release|iPhoneSimulator.ActiveCfg = Release|Any CPU
		{2E540FC6-1172-4169-8426-80FE0B230C02}.Release|iPhoneSimulator.Build.0 = Release|Any CPU
		{4581DF9B-BD1D-4696-829C-A38E9A8A8132}.Debug|Any CPU.ActiveCfg = Debug|Any CPU
		{4581DF9B-BD1D-4696-829C-A38E9A8A8132}.Debug|Any CPU.Build.0 = Debug|Any CPU
		{4581DF9B-BD1D-4696-829C-A38E9A8A8132}.Debug|iPhone.ActiveCfg = Debug|Any CPU
		{4581DF9B-BD1D-4696-829C-A38E9A8A8132}.Debug|iPhone.Build.0 = Debug|Any CPU
		{4581DF9B-BD1D-4696-829C-A38E9A8A8132}.Debug|iPhoneSimulator.ActiveCfg = Debug|Any CPU
		{4581DF9B-BD1D-4696-829C-A38E9A8A8132}.Debug|iPhoneSimulator.Build.0 = Debug|Any CPU
		{4581DF9B-BD1D-4696-829C-A38E9A8A8132}.Release|Any CPU.ActiveCfg = Release|Any CPU
		{4581DF9B-BD1D-4696-829C-A38E9A8A8132}.Release|Any CPU.Build.0 = Release|Any CPU
		{4581DF9B-BD1D-4696-829C-A38E9A8A8132}.Release|iPhone.ActiveCfg = Release|Any CPU
		{4581DF9B-BD1D-4696-829C-A38E9A8A8132}.Release|iPhone.Build.0 = Release|Any CPU
		{4581DF9B-BD1D-4696-829C-A38E9A8A8132}.Release|iPhoneSimulator.ActiveCfg = Release|Any CPU
		{4581DF9B-BD1D-4696-829C-A38E9A8A8132}.Release|iPhoneSimulator.Build.0 = Release|Any CPU
		{E4BC82A9-A928-4788-807D-67FFBEB6B5D5}.Debug|Any CPU.ActiveCfg = Debug|Any CPU
		{E4BC82A9-A928-4788-807D-67FFBEB6B5D5}.Debug|Any CPU.Build.0 = Debug|Any CPU
		{E4BC82A9-A928-4788-807D-67FFBEB6B5D5}.Debug|iPhone.ActiveCfg = Debug|Any CPU
		{E4BC82A9-A928-4788-807D-67FFBEB6B5D5}.Debug|iPhone.Build.0 = Debug|Any CPU
		{E4BC82A9-A928-4788-807D-67FFBEB6B5D5}.Debug|iPhoneSimulator.ActiveCfg = Debug|Any CPU
		{E4BC82A9-A928-4788-807D-67FFBEB6B5D5}.Debug|iPhoneSimulator.Build.0 = Debug|Any CPU
		{E4BC82A9-A928-4788-807D-67FFBEB6B5D5}.Release|Any CPU.ActiveCfg = Release|Any CPU
		{E4BC82A9-A928-4788-807D-67FFBEB6B5D5}.Release|Any CPU.Build.0 = Release|Any CPU
		{E4BC82A9-A928-4788-807D-67FFBEB6B5D5}.Release|iPhone.ActiveCfg = Release|Any CPU
		{E4BC82A9-A928-4788-807D-67FFBEB6B5D5}.Release|iPhone.Build.0 = Release|Any CPU
		{E4BC82A9-A928-4788-807D-67FFBEB6B5D5}.Release|iPhoneSimulator.ActiveCfg = Release|Any CPU
		{E4BC82A9-A928-4788-807D-67FFBEB6B5D5}.Release|iPhoneSimulator.Build.0 = Release|Any CPU
		{047EFF05-4560-4B3D-B911-91DBBFFFC28D}.Debug|Any CPU.ActiveCfg = Debug|Any CPU
		{047EFF05-4560-4B3D-B911-91DBBFFFC28D}.Debug|Any CPU.Build.0 = Debug|Any CPU
		{047EFF05-4560-4B3D-B911-91DBBFFFC28D}.Debug|iPhone.ActiveCfg = Debug|Any CPU
		{047EFF05-4560-4B3D-B911-91DBBFFFC28D}.Debug|iPhone.Build.0 = Debug|Any CPU
		{047EFF05-4560-4B3D-B911-91DBBFFFC28D}.Debug|iPhoneSimulator.ActiveCfg = Debug|Any CPU
		{047EFF05-4560-4B3D-B911-91DBBFFFC28D}.Debug|iPhoneSimulator.Build.0 = Debug|Any CPU
		{047EFF05-4560-4B3D-B911-91DBBFFFC28D}.Release|Any CPU.ActiveCfg = Release|Any CPU
		{047EFF05-4560-4B3D-B911-91DBBFFFC28D}.Release|Any CPU.Build.0 = Release|Any CPU
		{047EFF05-4560-4B3D-B911-91DBBFFFC28D}.Release|iPhone.ActiveCfg = Release|Any CPU
		{047EFF05-4560-4B3D-B911-91DBBFFFC28D}.Release|iPhone.Build.0 = Release|Any CPU
		{047EFF05-4560-4B3D-B911-91DBBFFFC28D}.Release|iPhoneSimulator.ActiveCfg = Release|Any CPU
		{047EFF05-4560-4B3D-B911-91DBBFFFC28D}.Release|iPhoneSimulator.Build.0 = Release|Any CPU
		{3E6860C1-7515-4E91-8957-74BFA092ABEA}.Debug|Any CPU.ActiveCfg = Debug|Any CPU
		{3E6860C1-7515-4E91-8957-74BFA092ABEA}.Debug|Any CPU.Build.0 = Debug|Any CPU
		{3E6860C1-7515-4E91-8957-74BFA092ABEA}.Debug|iPhone.ActiveCfg = Debug|Any CPU
		{3E6860C1-7515-4E91-8957-74BFA092ABEA}.Debug|iPhone.Build.0 = Debug|Any CPU
		{3E6860C1-7515-4E91-8957-74BFA092ABEA}.Debug|iPhoneSimulator.ActiveCfg = Debug|Any CPU
		{3E6860C1-7515-4E91-8957-74BFA092ABEA}.Debug|iPhoneSimulator.Build.0 = Debug|Any CPU
		{3E6860C1-7515-4E91-8957-74BFA092ABEA}.Release|Any CPU.ActiveCfg = Release|Any CPU
		{3E6860C1-7515-4E91-8957-74BFA092ABEA}.Release|Any CPU.Build.0 = Release|Any CPU
		{3E6860C1-7515-4E91-8957-74BFA092ABEA}.Release|iPhone.ActiveCfg = Release|Any CPU
		{3E6860C1-7515-4E91-8957-74BFA092ABEA}.Release|iPhone.Build.0 = Release|Any CPU
		{3E6860C1-7515-4E91-8957-74BFA092ABEA}.Release|iPhoneSimulator.ActiveCfg = Release|Any CPU
		{3E6860C1-7515-4E91-8957-74BFA092ABEA}.Release|iPhoneSimulator.Build.0 = Release|Any CPU
		{A09C0436-B3FC-4065-9604-C1C54E81E220}.Debug|Any CPU.ActiveCfg = Debug|Any CPU
		{A09C0436-B3FC-4065-9604-C1C54E81E220}.Debug|Any CPU.Build.0 = Debug|Any CPU
		{A09C0436-B3FC-4065-9604-C1C54E81E220}.Debug|iPhone.ActiveCfg = Debug|Any CPU
		{A09C0436-B3FC-4065-9604-C1C54E81E220}.Debug|iPhone.Build.0 = Debug|Any CPU
		{A09C0436-B3FC-4065-9604-C1C54E81E220}.Debug|iPhoneSimulator.ActiveCfg = Debug|Any CPU
		{A09C0436-B3FC-4065-9604-C1C54E81E220}.Debug|iPhoneSimulator.Build.0 = Debug|Any CPU
		{A09C0436-B3FC-4065-9604-C1C54E81E220}.Release|Any CPU.ActiveCfg = Release|Any CPU
		{A09C0436-B3FC-4065-9604-C1C54E81E220}.Release|Any CPU.Build.0 = Release|Any CPU
		{A09C0436-B3FC-4065-9604-C1C54E81E220}.Release|iPhone.ActiveCfg = Release|Any CPU
		{A09C0436-B3FC-4065-9604-C1C54E81E220}.Release|iPhone.Build.0 = Release|Any CPU
		{A09C0436-B3FC-4065-9604-C1C54E81E220}.Release|iPhoneSimulator.ActiveCfg = Release|Any CPU
		{A09C0436-B3FC-4065-9604-C1C54E81E220}.Release|iPhoneSimulator.Build.0 = Release|Any CPU
		{9533439E-A536-4B93-AF06-F50473A3AA0E}.Debug|Any CPU.ActiveCfg = Debug|Any CPU
		{9533439E-A536-4B93-AF06-F50473A3AA0E}.Debug|Any CPU.Build.0 = Debug|Any CPU
		{9533439E-A536-4B93-AF06-F50473A3AA0E}.Debug|iPhone.ActiveCfg = Debug|Any CPU
		{9533439E-A536-4B93-AF06-F50473A3AA0E}.Debug|iPhone.Build.0 = Debug|Any CPU
		{9533439E-A536-4B93-AF06-F50473A3AA0E}.Debug|iPhoneSimulator.ActiveCfg = Debug|Any CPU
		{9533439E-A536-4B93-AF06-F50473A3AA0E}.Debug|iPhoneSimulator.Build.0 = Debug|Any CPU
		{9533439E-A536-4B93-AF06-F50473A3AA0E}.Release|Any CPU.ActiveCfg = Release|Any CPU
		{9533439E-A536-4B93-AF06-F50473A3AA0E}.Release|Any CPU.Build.0 = Release|Any CPU
		{9533439E-A536-4B93-AF06-F50473A3AA0E}.Release|iPhone.ActiveCfg = Release|Any CPU
		{9533439E-A536-4B93-AF06-F50473A3AA0E}.Release|iPhone.Build.0 = Release|Any CPU
		{9533439E-A536-4B93-AF06-F50473A3AA0E}.Release|iPhoneSimulator.ActiveCfg = Release|Any CPU
		{9533439E-A536-4B93-AF06-F50473A3AA0E}.Release|iPhoneSimulator.Build.0 = Release|Any CPU
		{F64A8A76-E825-44EE-A172-6CFC278D9C41}.Debug|Any CPU.ActiveCfg = Debug|Any CPU
		{F64A8A76-E825-44EE-A172-6CFC278D9C41}.Debug|Any CPU.Build.0 = Debug|Any CPU
		{F64A8A76-E825-44EE-A172-6CFC278D9C41}.Debug|iPhone.ActiveCfg = Debug|Any CPU
		{F64A8A76-E825-44EE-A172-6CFC278D9C41}.Debug|iPhone.Build.0 = Debug|Any CPU
		{F64A8A76-E825-44EE-A172-6CFC278D9C41}.Debug|iPhoneSimulator.ActiveCfg = Debug|Any CPU
		{F64A8A76-E825-44EE-A172-6CFC278D9C41}.Debug|iPhoneSimulator.Build.0 = Debug|Any CPU
		{F64A8A76-E825-44EE-A172-6CFC278D9C41}.Release|Any CPU.ActiveCfg = Release|Any CPU
		{F64A8A76-E825-44EE-A172-6CFC278D9C41}.Release|Any CPU.Build.0 = Release|Any CPU
		{F64A8A76-E825-44EE-A172-6CFC278D9C41}.Release|iPhone.ActiveCfg = Release|Any CPU
		{F64A8A76-E825-44EE-A172-6CFC278D9C41}.Release|iPhone.Build.0 = Release|Any CPU
		{F64A8A76-E825-44EE-A172-6CFC278D9C41}.Release|iPhoneSimulator.ActiveCfg = Release|Any CPU
		{F64A8A76-E825-44EE-A172-6CFC278D9C41}.Release|iPhoneSimulator.Build.0 = Release|Any CPU
		{5AD84607-81F8-4965-880F-0A7CB81EC935}.Debug|Any CPU.ActiveCfg = Debug|Any CPU
		{5AD84607-81F8-4965-880F-0A7CB81EC935}.Debug|Any CPU.Build.0 = Debug|Any CPU
		{5AD84607-81F8-4965-880F-0A7CB81EC935}.Debug|iPhone.ActiveCfg = Debug|Any CPU
		{5AD84607-81F8-4965-880F-0A7CB81EC935}.Debug|iPhone.Build.0 = Debug|Any CPU
		{5AD84607-81F8-4965-880F-0A7CB81EC935}.Debug|iPhoneSimulator.ActiveCfg = Debug|Any CPU
		{5AD84607-81F8-4965-880F-0A7CB81EC935}.Debug|iPhoneSimulator.Build.0 = Debug|Any CPU
		{5AD84607-81F8-4965-880F-0A7CB81EC935}.Release|Any CPU.ActiveCfg = Release|Any CPU
		{5AD84607-81F8-4965-880F-0A7CB81EC935}.Release|Any CPU.Build.0 = Release|Any CPU
		{5AD84607-81F8-4965-880F-0A7CB81EC935}.Release|iPhone.ActiveCfg = Release|Any CPU
		{5AD84607-81F8-4965-880F-0A7CB81EC935}.Release|iPhone.Build.0 = Release|Any CPU
		{5AD84607-81F8-4965-880F-0A7CB81EC935}.Release|iPhoneSimulator.ActiveCfg = Release|Any CPU
		{5AD84607-81F8-4965-880F-0A7CB81EC935}.Release|iPhoneSimulator.Build.0 = Release|Any CPU
		{3DAA160E-136B-4E91-A364-FDDE0B1CD41D}.Debug|Any CPU.ActiveCfg = Debug|Any CPU
		{3DAA160E-136B-4E91-A364-FDDE0B1CD41D}.Debug|Any CPU.Build.0 = Debug|Any CPU
		{3DAA160E-136B-4E91-A364-FDDE0B1CD41D}.Debug|iPhone.ActiveCfg = Debug|Any CPU
		{3DAA160E-136B-4E91-A364-FDDE0B1CD41D}.Debug|iPhone.Build.0 = Debug|Any CPU
		{3DAA160E-136B-4E91-A364-FDDE0B1CD41D}.Debug|iPhoneSimulator.ActiveCfg = Debug|Any CPU
		{3DAA160E-136B-4E91-A364-FDDE0B1CD41D}.Debug|iPhoneSimulator.Build.0 = Debug|Any CPU
		{3DAA160E-136B-4E91-A364-FDDE0B1CD41D}.Release|Any CPU.ActiveCfg = Release|Any CPU
		{3DAA160E-136B-4E91-A364-FDDE0B1CD41D}.Release|Any CPU.Build.0 = Release|Any CPU
		{3DAA160E-136B-4E91-A364-FDDE0B1CD41D}.Release|iPhone.ActiveCfg = Release|Any CPU
		{3DAA160E-136B-4E91-A364-FDDE0B1CD41D}.Release|iPhone.Build.0 = Release|Any CPU
		{3DAA160E-136B-4E91-A364-FDDE0B1CD41D}.Release|iPhoneSimulator.ActiveCfg = Release|Any CPU
		{3DAA160E-136B-4E91-A364-FDDE0B1CD41D}.Release|iPhoneSimulator.Build.0 = Release|Any CPU
	EndGlobalSection
	GlobalSection(SolutionProperties) = preSolution
		HideSolutionNode = FALSE
	EndGlobalSection
	GlobalSection(NestedProjects) = preSolution
		{33DBF908-DAC3-42CC-803A-A2ED024481D3} = {E041D4F0-F651-4529-B5F6-F307C041C2E3}
		{047EFF05-4560-4B3D-B911-91DBBFFFC28D} = {3071A007-93D1-45C8-A783-557C4ED12A6E}
		{3E6860C1-7515-4E91-8957-74BFA092ABEA} = {3071A007-93D1-45C8-A783-557C4ED12A6E}
		{A09C0436-B3FC-4065-9604-C1C54E81E220} = {3071A007-93D1-45C8-A783-557C4ED12A6E}
		{98A0B30D-4A0F-4D8A-9E6D-17AD39E4444D} = {ED3C73CD-89D6-40EF-B732-74D2BDEC14A1}
		{64B34E97-D57C-42DC-B3A7-807B5A6B1DAC} = {ED3C73CD-89D6-40EF-B732-74D2BDEC14A1}
		{4581DF9B-BD1D-4696-829C-A38E9A8A8132} = {A6CCD1B7-6B55-471A-A51B-61A04AB29316}
		{E4BC82A9-A928-4788-807D-67FFBEB6B5D5} = {A6CCD1B7-6B55-471A-A51B-61A04AB29316}
		{9533439E-A536-4B93-AF06-F50473A3AA0E} = {3071A007-93D1-45C8-A783-557C4ED12A6E}
		{F64A8A76-E825-44EE-A172-6CFC278D9C41} = {ED3C73CD-89D6-40EF-B732-74D2BDEC14A1}
		{5AD84607-81F8-4965-880F-0A7CB81EC935} = {3071A007-93D1-45C8-A783-557C4ED12A6E}
		{3DAA160E-136B-4E91-A364-FDDE0B1CD41D} = {ED3C73CD-89D6-40EF-B732-74D2BDEC14A1}
	EndGlobalSection
	GlobalSection(ExtensibilityGlobals) = postSolution
		SolutionGuid = {CAD078B7-E2D9-49E7-B28E-A49BC8241A1A}
	EndGlobalSection
EndGlobal
